
Microsoft Visual Studio Solution File, Format Version 12.00
# Visual Studio Version 17
VisualStudioVersion = 17.5.33502.453
MinimumVisualStudioVersion = 10.0.40219.1
Project("{FAE04EC0-301F-11D3-BF4B-00C04F79EFBC}") = "BookLibraryAPI", "BookLibraryAPI.csproj", "{7CDA260C-DAA6-4096-8827-0EC177391A87}"
EndProject
Global
	GlobalSection(SolutionConfigurationPlatforms) = preSolution
		Debug|Any CPU = Debug|Any CPU
		Release|Any CPU = Release|Any CPU
	EndGlobalSection
	GlobalSection(ProjectConfigurationPlatforms) = postSolution
		{7CDA260C-DAA6-4096-8827-0EC177391A87}.Debug|Any CPU.ActiveCfg = Debug|Any CPU
		{7CDA260C-DAA6-4096-8827-0EC177391A87}.Debug|Any CPU.Build.0 = Debug|Any CPU
		{7CDA260C-DAA6-4096-8827-0EC177391A87}.Release|Any CPU.ActiveCfg = Release|Any CPU
		{7CDA260C-DAA6-4096-8827-0EC177391A87}.Release|Any CPU.Build.0 = Release|Any CPU
	EndGlobalSection
	GlobalSection(SolutionProperties) = preSolution
		HideSolutionNode = FALSE
	EndGlobalSection
	GlobalSection(ExtensibilityGlobals) = postSolution
		SolutionGuid = {3B9A2050-ABCA-45B4-A8C9-99B25F93D624}
	EndGlobalSection
EndGlobal
